<?xml version="1.0" encoding="UTF-8"?>
<Scheme
   LastUpgradeVersion = "2610"
   version = "1.7">
   <BuildAction
      parallelizeBuildables = "YES"
      buildImplicitDependencies = "YES"
      buildArchitectures = "Automatic">
      <BuildActionEntries>
         <BuildActionEntry
            buildForTesting = "YES"
            buildForRunning = "YES"
            buildForProfiling = "YES"
            buildForArchiving = "YES"
            buildForAnalyzing = "YES">
            <BuildableReference
               BuildableIdentifier = "primary"
               BlueprintIdentifier = "4E4D6CF46274926532D77110"
               BuildableName = "SnapShareEvent.app"
               BlueprintName = "SnapShareEvent"
               ReferencedContainer = "container:SnapShareEvent.xcodeproj">
            </BuildableReference>
         </BuildActionEntry>
      </BuildActionEntries>
   </BuildAction>
   <TestAction
      buildConfiguration = "Debug"
      selectedDebuggerIdentifier = "Xcode.DebuggerFoundation.Debugger.LLDB"
      selectedLauncherIdentifier = "Xcode.DebuggerFoundation.Launcher.LLDB"
      shouldUseLaunchSchemeArgsEnv = "YES"
      shouldAutocreateTestPlan = "YES">
   </TestAction>
   <LaunchAction
      buildConfiguration = "Debug"
      selectedDebuggerIdentifier = "Xcode.DebuggerFoundation.Debugger.LLDB"
      selectedLauncherIdentifier = "Xcode.DebuggerFoundation.Launcher.LLDB"
      launchStyle = "0"
      useCustomWorkingDirectory = "NO"
      ignoresPersistentStateOnLaunch = "NO"
      debugDocumentVersioning = "YES"
      debugServiceExtension = "internal"
      allowLocationSimulation = "YES">
      <BuildableProductRunnable
         runnableDebuggingMode = "0">
         <BuildableReference
            BuildableIdentifier = "primary"
            BlueprintIdentifier = "4E4D6CF46274926532D77110"
            BuildableName = "SnapShareEvent.app"
            BlueprintName = "SnapShareEvent"
            ReferencedContainer = "container:SnapShareEvent.xcodeproj">
         </BuildableReference>
      </BuildableProductRunnable>
      <EnvironmentVariables>
         <EnvironmentVariable
            key = "CLOUDINARY_CLOUD_NAME"
            value = "dw71feikq"
            isEnabled = "YES">
         </EnvironmentVariable>
         <EnvironmentVariable
            key = "CLOUDINARY_API_KEY"
            value = "AIzaSyDKBmNReDSOjS_ZzQ1UvmyTLFEfrg-Hf9I"
            isEnabled = "YES">
         </EnvironmentVariable>
         <EnvironmentVariable
            key = "CLOUDINARY_API_SECRET"
            value = "15Z3VNjEITEbN8ejNwRyGYH4Bs4"
            isEnabled = "YES">
         </EnvironmentVariable>
         <EnvironmentVariable
            key = "CLOUDINARY_UPLOAD_PRESET"
            value = "&#x64ae;&#x5f71;&#x3057;&#x305f;&#x753b;&#x50cf;&#x306e;&#x6295;&#x7a3f;"
            isEnabled = "YES">
         </EnvironmentVariable>
      </EnvironmentVariables>
   </LaunchAction>
   <ProfileAction
      buildConfiguration = "Release"
      shouldUseLaunchSchemeArgsEnv = "YES"
      savedToolIdentifier = ""
      useCustomWorkingDirectory = "NO"
      debugDocumentVersioning = "YES">
      <BuildableProductRunnable
         runnableDebuggingMode = "0">
         <BuildableReference
            BuildableIdentifier = "primary"
            BlueprintIdentifier = "4E4D6CF46274926532D77110"
            BuildableName = "SnapShareEvent.app"
            BlueprintName = "SnapShareEvent"
            ReferencedContainer = "container:SnapShareEvent.xcodeproj">
         </BuildableReference>
      </BuildableProductRunnable>
   </ProfileAction>
   <AnalyzeAction
      buildConfiguration = "Debug">
   </AnalyzeAction>
   <ArchiveAction
      buildConfiguration = "Release"
      revealArchiveInOrganizer = "YES">
   </ArchiveAction>
</Scheme>
